{
  "name": "functions",
  "version": "1.0.0",
  "lockfileVersion": 3,
  "requires": true,
  "packages": {
    "": {
      "name": "functions",
      "version": "1.0.0",
      "dependencies": {
        "firebase-admin": "^12.0.0",
        "firebase-functions": "^5.0.1",
        "nodemailer": "^6.9.14"
      },
      "engines": {
        "node": "20"
      }
    },
    "node_modules/@firebase/app-compat": {
      "version": "0.2.27",
      "resolved": "https://registry.npmjs.org/@firebase/app-compat/-/app-compat-0.2.27.tgz",
      "integrity": "sha512-NEK98nL5220s6avb5zrtpBHuPpr2N5T93Io4qfWrtKkAANVQD91wDvF31Nu4/n4wLKaCRiHfYomxY4u4zQo9Hg==",
      "peerDependencies": {
        "@firebase/app": "0.x"
      }
    },
    "node_modules/@firebase/auth-compat": {
      "version": "1.5.1",
      "resolved": "https://registry.npmjs.org/@firebase/auth-compat/-/auth-compat-1.5.1.tgz",
      "integrity": "sha512-A0n6zQxYx+uPZzBOUhI5x3sCLeGe0g81v1p9AbqL71LgU40wQy220H1+GvWkS7Awn2P32iQ94b6y41Q0d4UeDg==",
      "peerDependencies": {
        "@firebase/app": "0.x",
        "firebase": ">= 9.0.0"
      }
    },
    "node_modules/@firebase/component": {
      "version": "0.6.6",
      "resolved": "https://registry.npmjs.org/@firebase/component/-/component-0.6.6.tgz",
      "integrity": "sha512-Y3U/YyewtmK3K2qtQk0tW5KC61p44l/gXvLpO2gNh1w1sNGdJ74O33I/yQuY8z/H9Y8sKyJbA2+E3GqBEYwT+Q==",
      "dependencies": {
        "@firebase/util": "1.9.3",
        "tslib": "2.6.2"
      }
    },
    "node_modules/@firebase/database-compat": {
      "version": "1.0.5",
      "resolved": "https://registry.npmjs.org/@firebase/database-compat/-/database-compat-1.0.5.tgz",
      "integrity": "sha512-19p7L/41gL/rGf3u0LwA5bCg0s/wWrcI5+F0N6suO/c6/L4rA/3qA8tW1/e0B6N22zYQp+KzXgCC01sO9A==",
      "peerDependencies": {
        "@firebase/app": "0.x",
        "firebase": ">= 9.0.0"
      }
    },
    "node_modules/@firebase/firestore-compat": {
      "version": "1.0.1",
      "resolved": "https://registry.npmjs.org/@firebase/firestore-compat/-/firestore-compat-1.0.1.tgz",
      "integrity": "sha512-U7c3wFm2UqQGcxz1u/QW6tzrW6p2wSAlrYj4QY1+5B2QouPcaYp0eC9ayPzKZD/r38zUG2fL1h0t41GgqN+GfQ==",
      "peerDependencies": {
        "@firebase/app": "0.x",
        "firebase": ">= 9.0.0"
      }
    },
    "node_modules/@firebase/functions-compat": {
      "version": "1.0.1",
      "resolved": "https://registry.npmjs.org/@firebase/functions-compat/-/functions-compat-1.0.1.tgz",
      "integrity": "sha512-b5vB3j22A8wBfD4WcM1Vf+95kA9QG/yH94c7iF6P0sVSlIeI8pQDymrM3lq/FfiFNB6sXGXS/2rI++q0cED4GA==",
      "peerDependencies": {
        "@firebase/app": "0.x",
        "firebase": ">= 9.0.0"
      }
    },
    "node_modules/@firebase/installations-compat": {
      "version": "0.5.1",
      "resolved": "https://registry.npmjs.org/@firebase/installations-compat/-/installations-compat-0.5.1.tgz",
      "integrity": "sha512-v4o2t3+Mxd1p/A6gaj5K7dxoJbmS3nQujnu2oKms251mQ2CQQj07t2x3X9Xk/vDHD8y6xOWQ0cCB1xKoGqCq1A==",
      "peerDependencies": {
        "@firebase/app": "0.x",
        "firebase": ">= 9.0.0"
      }
    },
    "node_modules/@firebase/messaging-compat": {
      "version": "0.2.1",
      "resolved": "https://registry.npmjs.org/@firebase/messaging-compat/-/messaging-compat-0.2.1.tgz",
      "integrity": "sha512-8w+j/iJ/SU/e97cTzVzGjSDE9oXj/XkL3f9jRLPe4qQ0y8yR6jP2xXWfBfFkYIu8iM/0Hw5qCjIq61w5n6H20A==",
      "peerDependencies": {
        "@firebase/app": "0.x",
        "firebase": ">= 9.0.0"
      }
    },
    "node_modules/@firebase/storage-compat": {
      "version": "1.0.1",
      "resolved": "https://registry.npmjs.org/@firebase/storage-compat/-/storage-compat-1.0.1.tgz",
      "integrity": "sha512-L/y6sRiYvBBMQnEjrJqJ/gnoPIa/f5P0V1aX2e6tS6vPjVPOWso3A/h5rZgT2JqKe1zqxP2I9K7wI6XqchbJ1A==",
      "peerDependencies": {
        "@firebase/app": "0.x",
        "firebase": ">= 9.0.0"
      }
    },
    "node_modules/@firebase/util": {
      "version": "1.9.3",
      "resolved": "https://registry.npmjs.org/@firebase/util/-/util-1.9.3.tgz",
      "integrity": "sha512-3+CRyHmp3r9o4j8aN/0eO39XU8j2aDP2z63a2VPn6tyb/Jdbb8i+A5w4bghDA0pGu5Frf2HEkCh/o6S8P2n/3w==",
      "dependencies": {
        "tslib": "2.6.2"
      }
    },
    "node_modules/@google-cloud/firestore": {
      "version": "7.7.0",
      "resolved": "https://registry.npmjs.org/@google-cloud/firestore/-/firestore-7.7.0.tgz",
      "integrity": "sha512-d+4A8iYv4+Q0v0S3z7JBHxLAtBf/uSpE3M1q3s1J3/Ky3rDqjXWMRbH6UjhjOndZcW9+TjXh8eA/oFfTf3mEhA==",
      "dependencies": {
        "google-gax": "^4.0.3",
        "protobufjs": "^7.2.5"
      },
      "engines": {
        "node": ">=14.0.0"
      }
    },
    "node_modules/@google-cloud/projectify": {
      "version": "4.0.0",
      "resolved": "https://registry.npmjs.org/@google-cloud/projectify/-/projectify-4.0.0.tgz",
      "integrity": "sha512-3+59nJj8n2iF6s8K2Z3eQd0PKSQkXnXp3A7pCQF9z4zE4jUfA9sYpCg9sTjDIe3y5PeiBEBwzU0i1a+D+w5jGA==",
      "engines": {
        "node": ">=14"
      }
    },
    "node_modules/@google-cloud/promisify": {
      "version": "4.0.0",
      "resolved": "https://registry.npmjs.org/@google-cloud/promisify/-/promisify-4.0.0.tgz",
      "integrity": "sha512-KABblEnZtf+7a6Ed3c7WW03Pj5m+QnLCSD3AECjH3zEVv5D5a/N5D9D2a+hYDA3jdxaBw0P4cUU+i3I6C1o2UQ==",
      "engines": {
        "node": ">=14.0.0"
      }
    },
    "node_modules/@grpc/grpc-js": {
      "version": "1.10.6",
      "resolved": "https://registry.npmjs.org/@grpc/grpc-js/-/grpc-js-1.10.6.tgz",
      "integrity": "sha512-YgC+j57ylU0i6H3zLMDz+P2LqKzS63QWSPkDo0jMEg37sC1I/L5pY21h+aMStYyY8hFIM6i1Xwfg2tXy7c+bmg==",
      "dependencies": {
        "@grpc/proto-loader": "^0.7.10",
        "@types/node": ">=14.0.0"
      },
      "engines": {
        "node": ">=14.0.0"
      }
    },
    "node_modules/@grpc/proto-loader": {
      "version": "0.7.13",
      "resolved": "https://registry.npmjs.org/@grpc/proto-loader/-/proto-loader-0.7.13.tgz",
      "integrity": "sha512-i5yJ7c6u3j9k9b4zH82E/KhEvnRO3iMZkcgLgVvQoLg8QZeJ4kEa3RT5lM6g3P+I6/Nn2qN2b1Y2/pYh6S5N2g==",
      "dependencies": {
        "lodash.camelcase": "^4.3.0",
        "lodash.clone": "^4.5.0",
        "lodash.isarray": "^4.0.0",
        "lodash.isequal": "^4.5.0",
        "lodash.isobject": "^3.0.2",
        "protobufjs": "^7.1.2",
        "yargs": "^17.0.0"
      }
    },
    "node_modules/@protobufjs/aspromise": {
      "version": "1.1.2",
      "resolved": "https://registry.npmjs.org/@protobufjs/aspromise/-/aspromise-1.1.2.tgz",
      "integrity": "sha512-j+gK1rM64rD2O33bM1/roI4bSMGJ9wIeQThf2iQ0XWN3wh2Nli/p543i2Ue3zB1o3bJ8Q0A2m9XgIqSo8bIe9g=="
    },
    "node_modules/@protobufjs/base64": {
      "version": "1.1.2",
      "resolved": "https://registry.npmjs.org/@protobufjs/base64/-/base64-1.1.2.tgz",
      "integrity": "sha512-AZkcAA53oK1Vp2gL83KRuVl6hkAao242moM7g5s283i/p1pFSbO/9Lh/QGXsGowIF3Y2AnvwMyD/yQzYk5M6vA=="
    },
    "node_modules/@protobufjs/codegen": {
      "version": "2.0.4",
      "resolved": "https://registry.npmjs.org/@protobufjs/codegen/-/codegen-2.0.4.tgz",
      "integrity": "sha512-YyFfF3dE/fK8Jg6yPAg8n2x3kO60p8O81nNGV2VzI5n8vVlTj5g8P9A8e9bM7+T22h/B2WJ58P/s2n6fBtfw=="
    },
    "node_modules/@protobufjs/eventemitter": {
      "version": "1.1.0",
      "resolved": "https://registry.npmjs.org/@protobufjs/eventemitter/-/eventemitter-1.1.0.tgz",
      "integrity": "sha512-j92Za5/3mZ/5D/0a4B5Ld5u45wXzuI42/h2AY6uQMHs1h4G3g4z/NYnnyGtK8u1h34/8OM/+g5ttHn5i4g8H2w=="
    },
    "node_modules/@protobufjs/fetch": {
      "version": "1.1.0",
      "resolved": "https://registry.npmjs.org/@protobufjs/fetch/-/fetch-1.1.0.tgz",
      "integrity": "sha512-p/ggwT2yVO0+1bq9aMG2QvH/2sQHWA2nJkO33FCSQ04IFM7TFFy9WxbURiGvNcU93rJp+6v3q+4yE7f4YxK8yA==",
      "dependencies": {
        "@protobufjs/aspromise": "1.1.2",
        "@protobufjs/eventemitter": "1.1.0"
      }
    },
    "node_modules/@protobufjs/float": {
      "version": "1.0.2",
      "resolved": "https://registry.npmjs.org/@protobufjs/float/-/float-1.0.2.tgz",
      "integrity": "sha512-pXR6p92L1VGAqM220MhWpP2lYVj0jI46l1If9Tf3mp/p3TrdnVC+sO8s+TCINcE43nsa/HWO+L/p1IJr0I2Ljw=="
    },
t/jH7JgGvGYQc/sK3Y/2o/N3w9MFVTRTHOcsL20PzAPNBhSzhg14d7a7xOll/ME3w2+fTf3n32p/vjVp42Y2x9w=="
    },
    "node_modules/gaxios": {
      "version": "5.1.3",
      "resolved": "https://registry.npmjs.org/gaxios/-/gaxios-5.1.3.tgz",
      "integrity": "sha512-UaDYi912v9rwnNldY5rLcFc7AQUnaVv1H9QNMUSu05d3xL+10K8mRbx+OApT8o5OQ3jQY9nZo5qIlyLNi+h4pw==",
      "dependencies": {
        "gcp-metadata": "^5.0.0",
        "https-proxy-agent": "^5.0.1",
        "is-stream": "^3.0.0",
        "node-fetch": "^2.6.9"
      },
      "engines": {
        "node": ">=14"
      }
    },
    "node_modules/gaxios/node_modules/is-stream": {
      "version": "3.0.0",
      "resolved": "https://registry.npmjs.org/is-stream/-/is-stream-3.0.0.tgz",
      "integrity": "sha512-9pT8pZ4e+3wLg6RJMso3iYg2n5k9a2jYgG64NJSv/ssoT2d6ga3R/B2j75L1K3D14bJ642n4jYKd1qIsA5LSg==",
      "engines": {
        "node": "^12.20.0 || ^14.13.1 || >=16.0.0"
      },
      "funding": {
        "url": "https://github.com/sponsors/sindresorhus"
      }
    },
    "node_modules/gcp-metadata": {
      "version": "5.3.0",
      "resolved": "https://registry.npmjs.org/gcp-metadata/-/gcp-metadata-5.3.0.tgz",
      "integrity": "sha512-32j2Yg8faraimv2kG8lGSoiCXBvEcq/LTS1gksu6y5Cdf5TJXmJgMv+vowPe+WY2k5I2zD+s/J44Qy4XJGQY8A==",
      "dependencies": {
        "gaxios": "^5.0.0"
      },
      "engines": {
        "node": ">=14"
      }
    },
    "node_modules/google-auth-library": {
      "version": "9.10.0",
      "resolved": "https://registry.npmjs.org/google-auth-library/-/google-auth-library-9.10.0.tgz",
      "integrity": "sha512-N/4C+tFvOQL2aEKnk4xGv5jFHP0vSg83nO/p0qMdwZ4kxlx20W+YmI6dTiCU/x3gWpzq7Qx3S7vF9oMCwW2oRw==",
      "dependencies": {
        "gaxios": "^6.2.0",
        "gcp-metadata": "^6.0.0",
        "google-p12-pem": "^4.0.0",
        "jws": "^4.0.0",
        "semver": "^7.5.4"
      },
      "engines": {
        "node": ">=16.0.0"
      }
    },
    "node_modules/google-auth-library/node_modules/gaxios": {
      "version": "6.6.0",
      "resolved": "https://registry.npmjs.org/gaxios/-/gaxios-6.6.0.tgz",
      "integrity": "sha512-i5W8GJK+3QRxcgH9l/Y5Qd2ApdR+oHGStgGkHjC+GThTtr5hMya1hR6s/WAIi4g5a7Ttnx0r0jLgGg6RB9L3Mg==",
      "dependencies": {
        "gcp-metadata": "^6.1.0",
        "https-proxy-agent": "^7.0.2",
        "is-stream": "^3.0.0"
      },
      "engines": {
        "node": ">=16"
      }
    },
    "node_modules/google-auth-library/node_modules/gaxios/node_modules/is-stream": {
      "version": "3.0.0",
      "resolved": "https://registry.npmjs.org/is-stream/-/is-stream-3.0.0.tgz",
      "integrity": "sha512-9pT8pZ4e+3wLg6RJMso3iYg2n5k9a2jYgG64NJSv/ssoT2d6ga3R/B2j75L1K3D14bJ642n4jYKd1qIsA5LSg==",
      "engines": {
        "node": "^12.20.0 || ^14.13.1 || >=16.0.0"
      },
      "funding": {
        "url": "https://github.com/sponsors/sindresorhus"
      }
    },
    "node_modules/google-auth-library/node_modules/gcp-metadata": {
      "version": "6.1.0",
      "resolved": "https://registry.npmjs.org/gcp-metadata/-/gcp-metadata-6.1.0.tgz",
      "integrity": "sha512-2Z0mBvPMt20S2o8ZVpbn3i3RqNjlC2G1Lz6KzDq8iXlX5Vv9kH8dTF2jJt234KkC89tqpqPqg4E+Y+l/KAxIA==",
      "dependencies": {
        "gaxios": "^6.1.0"
      },
      "engines": {
        "node": ">=16"
      }
    },
    "node_modules/google-gax": {
      "version": "4.3.8",
      "resolved": "https://registry.npmjs.org/google-gax/-/google-gax-4.3.8.tgz",
      "integrity": "sha512-q/3B2iAai+n5pDEE2w5a2z2q/O24A+Q2yH4pClC/Ff6nUUw2k9h0Pnk5gX5WlJc3Rda5vBv0rF2r8tM7Y5JqBA==",
      "dependencies": {
        "@grpc/grpc-js": "^1.10.0",
        "@protobufjs/
        "web-streams-polyfill": "^3.2.1"
      },
      "engines": {
        "node": "^10.17.0 || >=12.0.0"
      },
      "funding": {
        "type": "opencollective",
        "url": "https://opencollective.com/node-fetch"
      }
    },
    "node_modules/nodemailer": {
      "version": "6.9.14",
      "resolved": "https://registry.npmjs.org/nodemailer/-/nodemailer-6.9.14.tgz",
      "integrity": "sha512-naLp3Qd3sT2+tOQzO0WjBNl3fB1k3yvoZ5b4BFV/dG7i3SA02mCSnNGlqbFZY8hI8M1I4fA/2uYwEuA0B2O/Ww==",
      "engines": {
        "node": ">=6.0.0"
      }
    },
    "node_modules/protobufjs": {
      "version": "7.3.2",
      "resolved": "https://registry.npmjs.org/protobufjs/-/protobufjs-7.3.2.tgz",
      "integrity": "sha512-N/4r8i2llX1Wv7z9p+KJvWxAOFo2Xl8n2yhnqz7vM6Mklvj7/1s9QgrCVeFP6aNWt/3I3IqM1kx/fvo9m+EXdg==",
      "dependencies": {
        "@protobufjs/aspromise": "^1.1.2",
        "@protobufjs/base64": "^1.1.2",
        "@protobufjs/codegen": "^2.0.4",
        "@protobufjs/eventemitter": "^1.1.0",
        "@protobufjs/fetch": "^1.1.0",
        "@protobufjs/float": "^1.0.2",
        "@protobufjs/inquire": "^1.1.0",
        "@protobufjs/path": "^1.1.2",
        "@protobufjs/pool": "^1.1.0",
        "@protobufjs/utf8": "^1.1.0",
        "@types/node": "*"
      }
    },
    "node_modules/proxy-from-env": {
      "version": "1.1.0",
      "resolved": "https://registry.npmjs.org/proxy-from-env/-/proxy-from-env-1.1.0.tgz",
      "integrity": "sha512-D+L9d2dL4g39m3/UC+nQ0w0n3l22GVAkoc9s5I3e7kS7m9o9n9n5aY1Jm6l3A+ghUO5YdGv8s/w2v0B2/gWmA=="
    },
    "node_modules/retry-request": {
      "version": "6.0.0",
      "resolved": "https://registry.npmjs.org/retry-request/-/retry-request-6.0.0.tgz",
      "integrity": "sha512-Y3I7iV0A5IDaGkG4A/s8AnVdFdrjP3trB8p1uT0Wd/2X8s1t/QLb4Yg/T7SxjSPP9VIBgQzWp/v4gH0GjTWBdg==",
      "dependencies": {
        "debug": "^4.2.0"
      },
      "engines": {
        "node": ">=14"
      }
    },
    "node_modules/safe-buffer": {
      "version": "5.2.1",
      "resolved": "https://registry.npmjs.org/safe-buffer/-/safe-buffer-5.2.1.tgz",
      "integrity": "sha512-rp3So07Kyt0B8pJVJM1jVs1tr8C1uzBg5w1gt3bVqamQEE6a9BG5fP2U4W6/r/AIF9d+nHuuVcyqf3h4B6onlg==",
      "funding": [
        {
          "type": "github",
          "url": "https://github.com/sponsors/feross"
        },
        {
          "type": "patreon",
          "url": "https://www.patreon.com/feross"
        },
        {
          "type": "consulting",
          "url": "https://feross.org/support"
        }
      ]
    },
    "node_modules/semver": {
      "version": "7.6.2",
      "resolved": "https://registry.npmjs.org/semver/-/semver-7.6.2.tgz",
      "integrity": "sha512-FNAIBUIKx9XPGBvSJ09iC2k6sbs2b7M0b+lHZGz/i9TSozP3tT4v2I/ostf8jB2t/7P9G3Yg5A4/qfICd8L+0A==",
      "dependencies": {
        "lru-cache": "^6.0.0"
      },
      "bin": {
        "semver": "bin/semver.js"
      },
      "engines": {
        "node": ">=10"
      }
    },
    "node_modules/streamsearch": {
      "version": "1.1.0",
      "resolved": "https://registry.npmjs.org/streamsearch/-/streamsearch-1.1.0.tgz",
      "integrity": "sha512-Mcc5wHehp9aXz1ax6bZUyY5afg9u2rv5cqQI3mRrYkGC8rW2hM02jWuwjtL++LS5qinE2CFoKPSpflr8WodpmQ==",
      "engines": {
        "node": ">=10.0.0"
      }
    },
    "node_modules/tr46": {
      "version": "0.0.3",
      "resolved": "https://registry.npmjs.org/tr46/-/tr46-0.0.3.tgz",
      "integrity": "sha512-N3WMptq2O4U0dU+rL1K55nbt3uAs2fkKSRzL2cAg6T02JzXQ23swjTmaN3n16B58x3Kj3v2tWp61l1E5GzM5fQ=="
    },
    "node_modules/tslib": {
      "version": "2.6.2",
      "resolved": "https://registry.npmjs.org/tslib/-/tslib-2.6.2.tgz",
      "integrity": "sha512-AEYxH93jGFPn/a2iVAwW87VuUIkR1FVUKB77NwMF7nBTDkDrrT/Hpt/IrCJ0QXhW27jTBDcf5ZY7w6RiqTMw2Q=="
    },
    "node_modules/web-streams-polyfill": {
      "version": "3.3.3",
      "resolved": "https://registry.npmjs.org/web-streams-polyfill/-/web-streams-polyfill-3.3.3.tgz",
      "integrity": "sha512-d2lY8TjI/yqcBNrOD0YCiU528b1SAcSMlpJUy4g9pT+IAbpEsu2beUe7dYxecb/U/v/vM5Fy+3Iq8yI2i/c3JQ==",
      "engines": {
        "node": ">= 8"
      }
    },
    "node_modules/webidl-conversions": {
      "version": "3.0.1",
      "resolved": "https://registry.npmjs.org/webidl-conversions/-/webidl-conversions-3.0.1.tgz",
      "integrity": "sha512-2JAn3z8ARAkKj7i6U4S454dLPCD0OhHCVv8Q+JQLpIHga+vFfbCqlVn7pS9zTPPAbLiAWuI3h54c8N/gvrjP9w=="
    },
    "node_modules/whatwg-url": {
      "version": "5.0.0",
      "resolved": "https://registry.npmjs.org/whatwg-url/-/whatwg-url-5.0.0.tgz",
      "integrity": "sha512-saE57nup5q62eRhLdyJ6fUthJcrarGgL7/lNpAvhe9a8s/pIs8nmw0B2B6/15Y2g74tpgIheJbFAn0cWlM2h/g==",
      "dependencies": {
        "tr46": "~0.0.3",
        "webidl-conversions": "^3.0.1"
      }
    },
    "node_modules/yallist": {
      "version": "4.0.0",
      "resolved": "https://registry.npmjs.org/yallist/-/yallist-4.0.0.tgz",
      "integrity": "sha512-3wdGidZyq5HWOEX+DniK/orHotvU+GVEAZi+rxTPofkk2B0/vMunjsK9hwgoGn5G/wa7aC8AL5GunyD9usNU2A=="
    },
    "node_modules/yargs": {
      "version": "17.7.2",
      "resolved": "https://registry.npmjs.org/yargs/-/yargs-17.7.2.tgz",
      "integrity": "sha512-7SOKrM0Tz5wwYgGY2WGGXKnCK2z22a/34lKx2B2yMPfNB6SKK3W1peI3kasthAtvLg+1dP653up0i0eBwqBG8g==",
      "dependencies": {
        "cliui": "^8.0.1",
        "escalade": "^3.1.1",
        "get-caller-file": "^2.0.5",
        "require-directory": "^2.1.1",
        "string-width": "^4.2.3",
        "y18n": "^5.0.8",
        "yargs-parser": "^21.1.1"
      },
      "engines": {
        "node": ">=12"
      }
    },
    "node_modules/yargs-parser": {
      "version": "21.1.1",
      "resolved": "https://registry.npmjs.org/yargs-parser/-/yargs-parser-21.1.1.tgz",
      "integrity": "sha512-tVpsJW7DdjecAiFpbIB1e3qxIdedFqEuSpD+9drTCgQIojSAc52d3D0aMyhKno2j+sQofqtvW6p2VbJlYcWB8g==",
      "engines": {
        "node": ">=12"
      }
    }
  }
}
