{
  "name": "functions",
  "version": "1.0.0",
  "lockfileVersion": 3,
  "requires": true,
  "packages": {
    "": {
      "name": "functions",
      "version": "1.0.0",
      "dependencies": {
        "firebase-admin": "^12.0.0",
        "firebase-functions": "^5.0.1",
        "nodemailer": "^6.9.14"
      },
      "engines": {
        "node": "20"
      }
    },
    "node_modules/@types/node": {
      "version": "20.14.9",
      "resolved": "https://registry.npmjs.org/@types/node/-/node-20.14.9.tgz",
      "integrity": "sha512-06OC2N/SjDmmOd1veB9sEypmANvixj2e+XD2RInZyb5y+f4x3y21rOgmWeAzX+h4rD6S/5a5d3E2L+l3K53A8w==",
      "dependencies": {
        "undici-types": "~5.26.4"
      }
    },
    "node_modules/firebase-admin": {
      "version": "12.2.0",
      "resolved": "https://registry.npmjs.org/firebase-admin/-/firebase-admin-12.2.0.tgz",
      "integrity": "sha512-Y1yJpW/dGHYiJckD4o8A5b//P/mbv8I42Hi9fA3O5gT7o9/P1gAmk3j3KGdtgIx9x0KxH7y3h7fa7sTFN5QdTw==",
      "dependencies": {
        "@firebase/app-compat": "0.2.22",
        "@firebase/auth-compat": "1.4.1",
        "@firebase/database-compat": "1.0.12",
        "@firebase/firestore-compat": "1.0.12",
        "@firebase/functions-compat": "1.0.12",
        "@firebase/installations-compat": "1.0.12",
        "@firebase/storage-compat": "1.0.12",
        "jsonwebtoken": "9.0.2"
      },
      "engines": {
        "node": ">=18.0"
      }
    },
    "node_modules/firebase-functions": {
      "version": "5.0.1",
      "resolved": "https://registry.npmjs.org/firebase-functions/-/firebase-functions-5.0.1.tgz",
      "integrity": "sha512-sH4/eWryQadD4fVne2g2xJ385x003eBs02o8yW33F39z3fAEOxN+d/crdG0w3XlMexicoj593s0iK6gI+j/q/w==",
      "dependencies": {
        "@types/node": "20.14.9",
        "cloudevents": "8.0.0",
        "cors": "2.8.5",
        "express": "4.19.2",
        "firebase-admin": "12.2.0",
        "glob": "10.4.2",
        "lodash": "4.17.21",
        "protobufjs": "7.3.2"
      },
      "engines": {
        "node": "20"
      }
    },
    "node_modules/nodemailer": {
      "version": "6.9.14",
      "resolved": "https://registry.npmjs.org/nodemailer/-/nodemailer-6.9.14.tgz",
      "integrity": "sha512-uU/nU5o1EaDk+5D0dG3T6+s2oY3quZ4G3v6g1u/wL8xS/s3Yj9i3J4y5v7v2sMAgR2S+24AAPhM/aRjJQ==",
      "engines": {
        "node": ">=6.0.0"
      }
    },
    "node_modules/undici-types": {
      "version": "5.26.5",
      "resolved": "https://registry.npmjs.org/undici-types/-/undici-types-5.26.5.tgz",
      "integrity": "sha512-JlCMO+ehdEIKqlFxk6EUHis6jwA2dO3/b3lJjJN9XZl8ae9cKbAUGK1A51s+2s24PCSuX/6C4eCRqwN+Hxyl5w=="
    }
  }
}
